// !$*UTF8*$!
{
	archiveVersion = 1;
	classes = {
	};
	objectVersion = 50;
	objects = {

/* Begin PBXBuildFile section */
		7E6FB84D213B2AB100F43DBF /* ViewController+collectionViewDelegateMethods.swift in Sources */ = {isa = PBXBuildFile; fileRef = 7E6FB84C213B2AB100F43DBF /* ViewController+collectionViewDelegateMethods.swift */; };
		7E6FB84F213B2BB600F43DBF /* ViewController+ControlsDelegate.swift in Sources */ = {isa = PBXBuildFile; fileRef = 7E6FB84E213B2BB600F43DBF /* ViewController+ControlsDelegate.swift */; };
		7EA1D1712139FE610018A567 /* AppDelegate.swift in Sources */ = {isa = PBXBuildFile; fileRef = 7EA1D1702139FE610018A567 /* AppDelegate.swift */; };
		7EA1D1732139FE610018A567 /* LoginController.swift in Sources */ = {isa = PBXBuildFile; fileRef = 7EA1D1722139FE610018A567 /* LoginController.swift */; };
		7EA1D1762139FE610018A567 /* Main.storyboard in Resources */ = {isa = PBXBuildFile; fileRef = 7EA1D1742139FE610018A567 /* Main.storyboard */; };
		7EA1D17B2139FE640018A567 /* Assets.xcassets in Resources */ = {isa = PBXBuildFile; fileRef = 7EA1D17A2139FE640018A567 /* Assets.xcassets */; };
		7EA1D17E2139FE640018A567 /* LaunchScreen.storyboard in Resources */ = {isa = PBXBuildFile; fileRef = 7EA1D17C2139FE640018A567 /* LaunchScreen.storyboard */; };
		7EA1D186213A0B040018A567 /* PageCell.swift in Sources */ = {isa = PBXBuildFile; fileRef = 7EA1D185213A0B040018A567 /* PageCell.swift */; };
		7EA1D188213A696A0018A567 /* Page.swift in Sources */ = {isa = PBXBuildFile; fileRef = 7EA1D187213A696A0018A567 /* Page.swift */; };
		7EA1D18A213AF6B20018A567 /* LoginCell.swift in Sources */ = {isa = PBXBuildFile; fileRef = 7EA1D189213AF6B20018A567 /* LoginCell.swift */; };
		7EC1117F213BB1DA00CFF334 /* MainNavigationController.swift in Sources */ = {isa = PBXBuildFile; fileRef = 7EC1117E213BB1DA00CFF334 /* MainNavigationController.swift */; };
		7EC11181213BBAFA00CFF334 /* anchorExtension.swift in Sources */ = {isa = PBXBuildFile; fileRef = 7EC11180213BBAFA00CFF334 /* anchorExtension.swift */; };
		7EC111B7213CE8A100CFF334 /* HomeController.swift in Sources */ = {isa = PBXBuildFile; fileRef = 7EC111B6213CE8A100CFF334 /* HomeController.swift */; };
		7EC111B9213CEBA500CFF334 /* UserDefaults+Helpers.swift in Sources */ = {isa = PBXBuildFile; fileRef = 7EC111B8213CEBA500CFF334 /* UserDefaults+Helpers.swift */; };
/* End PBXBuildFile section */

/* Begin PBXFileReference section */
		7E6FB84C213B2AB100F43DBF /* ViewController+collectionViewDelegateMethods.swift */ = {isa = PBXFileReference; lastKnownFileType = sourcecode.swift; path = "ViewController+collectionViewDelegateMethods.swift"; sourceTree = "<group>"; };
		7E6FB84E213B2BB600F43DBF /* ViewController+ControlsDelegate.swift */ = {isa = PBXFileReference; lastKnownFileType = sourcecode.swift; path = "ViewController+ControlsDelegate.swift"; sourceTree = "<group>"; };
		7EA1D16D2139FE610018A567 /* LoginGuide.app */ = {isa = PBXFileReference; explicitFileType = wrapper.application; includeInIndex = 0; path = LoginGuide.app; sourceTree = BUILT_PRODUCTS_DIR; };
		7EA1D1702139FE610018A567 /* AppDelegate.swift */ = {isa = PBXFileReference; lastKnownFileType = sourcecode.swift; path = AppDelegate.swift; sourceTree = "<group>"; };
		7EA1D1722139FE610018A567 /* LoginController.swift */ = {isa = PBXFileReference; lastKnownFileType = sourcecode.swift; path = LoginController.swift; sourceTree = "<group>"; };
		7EA1D1752139FE610018A567 /* Base */ = {isa = PBXFileReference; lastKnownFileType = file.storyboard; name = Base; path = Base.lproj/Main.storyboard; sourceTree = "<group>"; };
		7EA1D17A2139FE640018A567 /* Assets.xcassets */ = {isa = PBXFileReference; lastKnownFileType = folder.assetcatalog; path = Assets.xcassets; sourceTree = "<group>"; };
		7EA1D17D2139FE640018A567 /* Base */ = {isa = PBXFileReference; lastKnownFileType = file.storyboard; name = Base; path = Base.lproj/LaunchScreen.storyboard; sourceTree = "<group>"; };
		7EA1D17F2139FE640018A567 /* Info.plist */ = {isa = PBXFileReference; lastKnownFileType = text.plist.xml; path = Info.plist; sourceTree = "<group>"; };
		7EA1D185213A0B040018A567 /* PageCell.swift */ = {isa = PBXFileReference; lastKnownFileType = sourcecode.swift; path = PageCell.swift; sourceTree = "<group>"; };
		7EA1D187213A696A0018A567 /* Page.swift */ = {isa = PBXFileReference; lastKnownFileType = sourcecode.swift; path = Page.swift; sourceTree = "<group>"; };
		7EA1D189213AF6B20018A567 /* LoginCell.swift */ = {isa = PBXFileReference; lastKnownFileType = sourcecode.swift; path = LoginCell.swift; sourceTree = "<group>"; };
		7EC1117E213BB1DA00CFF334 /* MainNavigationController.swift */ = {isa = PBXFileReference; lastKnownFileType = sourcecode.swift; path = MainNavigationController.swift; sourceTree = "<group>"; };
		7EC11180213BBAFA00CFF334 /* anchorExtension.swift */ = {isa = PBXFileReference; lastKnownFileType = sourcecode.swift; path = anchorExtension.swift; sourceTree = "<group>"; };
		7EC111B6213CE8A100CFF334 /* HomeController.swift */ = {isa = PBXFileReference; lastKnownFileType = sourcecode.swift; path = HomeController.swift; sourceTree = "<group>"; };
		7EC111B8213CEBA500CFF334 /* UserDefaults+Helpers.swift */ = {isa = PBXFileReference; lastKnownFileType = sourcecode.swift; path = "UserDefaults+Helpers.swift"; sourceTree = "<group>"; };
/* End PBXFileReference section */

/* Begin PBXFrameworksBuildPhase section */
		7EA1D16A2139FE610018A567 /* Frameworks */ = {
			isa = PBXFrameworksBuildPhase;
			buildActionMask = 2147483647;
			files = (
			);
			runOnlyForDeploymentPostprocessing = 0;
		};
/* End PBXFrameworksBuildPhase section */

/* Begin PBXGroup section */
		7EA1D1642139FE610018A567 = {
			isa = PBXGroup;
			children = (
				7EA1D16F2139FE610018A567 /* LoginGuide */,
				7EA1D16E2139FE610018A567 /* Products */,
			);
			sourceTree = "<group>";
		};
		7EA1D16E2139FE610018A567 /* Products */ = {
			isa = PBXGroup;
			children = (
				7EA1D16D2139FE610018A567 /* LoginGuide.app */,
			);
			name = Products;
			sourceTree = "<group>";
		};
		7EA1D16F2139FE610018A567 /* LoginGuide */ = {
			isa = PBXGroup;
			children = (
				7EA1D1702139FE610018A567 /* AppDelegate.swift */,
				7EA1D1722139FE610018A567 /* LoginController.swift */,
				7EA1D1742139FE610018A567 /* Main.storyboard */,
				7EA1D17A2139FE640018A567 /* Assets.xcassets */,
				7EA1D17C2139FE640018A567 /* LaunchScreen.storyboard */,
				7EA1D17F2139FE640018A567 /* Info.plist */,
				7EA1D185213A0B040018A567 /* PageCell.swift */,
				7EA1D187213A696A0018A567 /* Page.swift */,
				7EA1D189213AF6B20018A567 /* LoginCell.swift */,
				7E6FB84C213B2AB100F43DBF /* ViewController+collectionViewDelegateMethods.swift */,
				7E6FB84E213B2BB600F43DBF /* ViewController+ControlsDelegate.swift */,
				7EC1117E213BB1DA00CFF334 /* MainNavigationController.swift */,
				7EC11180213BBAFA00CFF334 /* anchorExtension.swift */,
				7EC111B6213CE8A100CFF334 /* HomeController.swift */,
				7EC111B8213CEBA500CFF334 /* UserDefaults+Helpers.swift */,
			);
			path = LoginGuide;
			sourceTree = "<group>";
		};
/* End PBXGroup section */

/* Begin PBXNativeTarget section */
		7EA1D16C2139FE610018A567 /* LoginGuide */ = {
			isa = PBXNativeTarget;
			buildConfigurationList = 7EA1D1822139FE640018A567 /* Build configuration list for PBXNativeTarget "LoginGuide" */;
			buildPhases = (
				7EA1D1692139FE610018A567 /* Sources */,
				7EA1D16A2139FE610018A567 /* Frameworks */,
				7EA1D16B2139FE610018A567 /* Resources */,
			);
			buildRules = (
			);
			dependencies = (
			);
			name = LoginGuide;
			productName = LoginGuide;
			productReference = 7EA1D16D2139FE610018A567 /* LoginGuide.app */;
			productType = "com.apple.product-type.application";
		};
/* End PBXNativeTarget section */

/* Begin PBXProject section */
		7EA1D1652139FE610018A567 /* Project object */ = {
			isa = PBXProject;
			attributes = {
				LastSwiftUpdateCheck = 0940;
				LastUpgradeCheck = 0940;
				ORGANIZATIONNAME = "Sherif  Wagih";
				TargetAttributes = {
					7EA1D16C2139FE610018A567 = {
						CreatedOnToolsVersion = 9.4.1;
					};
				};
			};
			buildConfigurationList = 7EA1D1682139FE610018A567 /* Build configuration list for PBXProject "LoginGuide" */;
			compatibilityVersion = "Xcode 9.3";
			developmentRegion = en;
			hasScannedForEncodings = 0;
			knownRegions = (
				en,
				Base,
			);
			mainGroup = 7EA1D1642139FE610018A567;
			productRefGroup = 7EA1D16E2139FE610018A567 /* Products */;
			projectDirPath = "";
			projectRoot = "";
			targets = (
				7EA1D16C2139FE610018A567 /* LoginGuide */,
			);
		};
/* End PBXProject section */

/* Begin PBXResourcesBuildPhase section */
		7EA1D16B2139FE610018A567 /* Resources */ = {
			isa = PBXResourcesBuildPhase;
			buildActionMask = 2147483647;
			files = (
				7EA1D17E2139FE640018A567 /* LaunchScreen.storyboard in Resources */,
				7EA1D17B2139FE640018A567 /* Assets.xcassets in Resources */,
				7EA1D1762139FE610018A567 /* Main.storyboard in Resources */,
			);
			runOnlyForDeploymentPostprocessing = 0;
		};
/* End PBXResourcesBuildPhase section */

/* Begin PBXSourcesBuildPhase section */
		7EA1D1692139FE610018A567 /* Sources */ = {
			isa = PBXSourcesBuildPhase;
			buildActionMask = 2147483647;
			files = (
				7EA1D1732139FE610018A567 /* LoginController.swift in Sources */,
				7EA1D1712139FE610018A567 /* AppDelegate.swift in Sources */,
				7EC1117F213BB1DA00CFF334 /* MainNavigationController.swift in Sources */,
				7EA1D18A213AF6B20018A567 /* LoginCell.swift in Sources */,
				7EC111B7213CE8A100CFF334 /* HomeController.swift in Sources */,
				7EC111B9213CEBA500CFF334 /* UserDefaults+Helpers.swift in Sources */,
				7EC11181213BBAFA00CFF334 /* anchorExtension.swift in Sources */,
				7E6FB84F213B2BB600F43DBF /* ViewController+ControlsDelegate.swift in Sources */,
				7EA1D186213A0B040018A567 /* PageCell.swift in Sources */,
				7E6FB84D213B2AB100F43DBF /* ViewController+collectionViewDelegateMethods.swift in Sources */,
				7EA1D188213A696A0018A567 /* Page.swift in Sources */,
			);
			runOnlyForDeploymentPostprocessing = 0;
		};
/* End PBXSourcesBuildPhase section */

/* Begin PBXVariantGroup section */
		7EA1D1742139FE610018A567 /* Main.storyboard */ = {
			isa = PBXVariantGroup;
			children = (
				7EA1D1752139FE610018A567 /* Base */,
			);
			name = Main.storyboard;
			sourceTree = "<group>";
		};
		7EA1D17C2139FE640018A567 /* LaunchScreen.storyboard */ = {
			isa = PBXVariantGroup;
			children = (
				7EA1D17D2139FE640018A567 /* Base */,
			);
			name = LaunchScreen.storyboard;
			sourceTree = "<group>";
		};
/* End PBXVariantGroup section */

/* Begin XCBuildConfiguration section */
		7EA1D1802139FE640018A567 /* Debug */ = {
			isa = XCBuildConfiguration;
			buildSettings = {
				ALWAYS_SEARCH_USER_PATHS = NO;
				CLANG_ANALYZER_NONNULL = YES;
				CLANG_ANALYZER_NUMBER_OBJECT_CONVERSION = YES_AGGRESSIVE;
				CLANG_CXX_LANGUAGE_STANDARD = "gnu++14";
				CLANG_CXX_LIBRARY = "libc++";
				CLANG_ENABLE_MODULES = YES;
				CLANG_ENABLE_OBJC_ARC = YES;
				CLANG_ENABLE_OBJC_WEAK = YES;
				CLANG_WARN_BLOCK_CAPTURE_AUTORELEASING = YES;
				CLANG_WARN_BOOL_CONVERSION = YES;
				CLANG_WARN_COMMA = YES;
				CLANG_WARN_CONSTANT_CONVERSION = YES;
				CLANG_WARN_DEPRECATED_OBJC_IMPLEMENTATIONS = YES;
				CLANG_WARN_DIRECT_OBJC_ISA_USAGE = YES_ERROR;
				CLANG_WARN_DOCUMENTATION_COMMENTS = YES;
				CLANG_WARN_EMPTY_BODY = YES;
				CLANG_WARN_ENUM_CONVERSION = YES;
				CLANG_WARN_INFINITE_RECURSION = YES;
				CLANG_WARN_INT_CONVERSION = YES;
				CLANG_WARN_NON_LITERAL_NULL_CONVERSION = YES;
				CLANG_WARN_OBJC_IMPLICIT_RETAIN_SELF = YES;
				CLANG_WARN_OBJC_LITERAL_CONVERSION = YES;
				CLANG_WARN_OBJC_ROOT_CLASS = YES_ERROR;
				CLANG_WARN_RANGE_LOOP_ANALYSIS = YES;
				CLANG_WARN_STRICT_PROTOTYPES = YES;
				CLANG_WARN_SUSPICIOUS_MOVE = YES;
				CLANG_WARN_UNGUARDED_AVAILABILITY = YES_AGGRESSIVE;
				CLANG_WARN_UNREACHABLE_CODE = YES;
				CLANG_WARN__DUPLICATE_METHOD_MATCH = YES;
				CODE_SIGN_IDENTITY = "iPhone Developer";
				COPY_PHASE_STRIP = NO;
				DEBUG_INFORMATION_FORMAT = dwarf;
				ENABLE_STRICT_OBJC_MSGSEND = YES;
				ENABLE_TESTABILITY = YES;
				GCC_C_LANGUAGE_STANDARD = gnu11;
				GCC_DYNAMIC_NO_PIC = NO;
				GCC_NO_COMMON_BLOCKS = YES;
				GCC_OPTIMIZATION_LEVEL = 0;
				GCC_PREPROCESSOR_DEFINITIONS = (
					"DEBUG=1",
					"$(inherited)",
				);
				GCC_WARN_64_TO_32_BIT_CONVERSION = YES;
				GCC_WARN_ABOUT_RETURN_TYPE = YES_ERROR;
				GCC_WARN_UNDECLARED_SELECTOR = YES;
				GCC_WARN_UNINITIALIZED_AUTOS = YES_AGGRESSIVE;
				GCC_WARN_UNUSED_FUNCTION = YES;
				GCC_WARN_UNUSED_VARIABLE = YES;
				IPHONEOS_DEPLOYMENT_TARGET = 11.4;
				MTL_ENABLE_DEBUG_INFO = YES;
				ONLY_ACTIVE_ARCH = YES;
				SDKROOT = iphoneos;
				SWIFT_ACTIVE_COMPILATION_CONDITIONS = DEBUG;
				SWIFT_OPTIMIZATION_LEVEL = "-Onone";
			};
			name = Debug;
		};
		7EA1D1812139FE640018A567 /* Release */ = {
			isa = XCBuildConfiguration;
			buildSettings = {
				ALWAYS_SEARCH_USER_PATHS = NO;
				CLANG_ANALYZER_NONNULL = YES;
				CLANG_ANALYZER_NUMBER_OBJECT_CONVERSION = YES_AGGRESSIVE;
				CLANG_CXX_LANGUAGE_STANDARD = "gnu++14";
				CLANG_CXX_LIBRARY = "libc++";
				CLANG_ENABLE_MODULES = YES;
				CLANG_ENABLE_OBJC_ARC = YES;
				CLANG_ENABLE_OBJC_WEAK = YES;
				CLANG_WARN_BLOCK_CAPTURE_AUTORELEASING = YES;
				CLANG_WARN_BOOL_CONVERSION = YES;
				CLANG_WARN_COMMA = YES;
				CLANG_WARN_CONSTANT_CONVERSION = YES;
				CLANG_WARN_DEPRECATED_OBJC_IMPLEMENTATIONS = YES;
				CLANG_WARN_DIRECT_OBJC_ISA_USAGE = YES_ERROR;
				CLANG_WARN_DOCUMENTATION_COMMENTS = YES;
				CLANG_WARN_EMPTY_BODY = YES;
				CLANG_WARN_ENUM_CONVERSION = YES;
				CLANG_WARN_INFINITE_RECURSION = YES;
				CLANG_WARN_INT_CONVERSION = YES;
				CLANG_WARN_NON_LITERAL_NULL_CONVERSION = YES;
				CLANG_WARN_OBJC_IMPLICIT_RETAIN_SELF = YES;
				CLANG_WARN_OBJC_LITERAL_CONVERSION = YES;
				CLANG_WARN_OBJC_ROOT_CLASS = YES_ERROR;
				CLANG_WARN_RANGE_LOOP_ANALYSIS = YES;
				CLANG_WARN_STRICT_PROTOTYPES = YES;
				CLANG_WARN_SUSPICIOUS_MOVE = YES;
				CLANG_WARN_UNGUARDED_AVAILABILITY = YES_AGGRESSIVE;
				CLANG_WARN_UNREACHABLE_CODE = YES;
				CLANG_WARN__DUPLICATE_METHOD_MATCH = YES;
				CODE_SIGN_IDENTITY = "iPhone Developer";
				COPY_PHASE_STRIP = NO;
				DEBUG_INFORMATION_FORMAT = "dwarf-with-dsym";
				ENABLE_NS_ASSERTIONS = NO;
				ENABLE_STRICT_OBJC_MSGSEND = YES;
				GCC_C_LANGUAGE_STANDARD = gnu11;
				GCC_NO_COMMON_BLOCKS = YES;
				GCC_WARN_64_TO_32_BIT_CONVERSION = YES;
				GCC_WARN_ABOUT_RETURN_TYPE = YES_ERROR;
				GCC_WARN_UNDECLARED_SELECTOR = YES;
				GCC_WARN_UNINITIALIZED_AUTOS = YES_AGGRESSIVE;
				GCC_WARN_UNUSED_FUNCTION = YES;
				GCC_WARN_UNUSED_VARIABLE = YES;
				IPHONEOS_DEPLOYMENT_TARGET = 11.4;
				MTL_ENABLE_DEBUG_INFO = NO;
				SDKROOT = iphoneos;
				SWIFT_COMPILATION_MODE = wholemodule;
				SWIFT_OPTIMIZATION_LEVEL = "-O";
				VALIDATE_PRODUCT = YES;
			};
			name = Release;
		};
		7EA1D1832139FE640018A567 /* Debug */ = {
			isa = XCBuildConfiguration;
			buildSettings = {
				ASSETCATALOG_COMPILER_APPICON_NAME = AppIcon;
				CODE_SIGN_STYLE = Automatic;
				DEVELOPMENT_TEAM = GUS473JQDG;
				INFOPLIST_FILE = LoginGuide/Info.plist;
				LD_RUNPATH_SEARCH_PATHS = (
					"$(inherited)",
					"@executable_path/Frameworks",
				);
				PRODUCT_BUNDLE_IDENTIFIER = com.sherifzekry.LoginGuide;
				PRODUCT_NAME = "$(TARGET_NAME)";
				SWIFT_VERSION = 4.0;
				TARGETED_DEVICE_FAMILY = "1,2";
			};
			name = Debug;
		};
		7EA1D1842139FE640018A567 /* Release */ = {
			isa = XCBuildConfiguration;
			buildSettings = {
				ASSETCATALOG_COMPILER_APPICON_NAME = AppIcon;
				CODE_SIGN_STYLE = Automatic;
				DEVELOPMENT_TEAM = GUS473JQDG;
				INFOPLIST_FILE = LoginGuide/Info.plist;
				LD_RUNPATH_SEARCH_PATHS = (
					"$(inherited)",
					"@executable_path/Frameworks",
				);
				PRODUCT_BUNDLE_IDENTIFIER = com.sherifzekry.LoginGuide;
				PRODUCT_NAME = "$(TARGET_NAME)";
				SWIFT_VERSION = 4.0;
				TARGETED_DEVICE_FAMILY = "1,2";
			};
			name = Release;
		};
/* End XCBuildConfiguration section */

/* Begin XCConfigurationList section */
		7EA1D1682139FE610018A567 /* Build configuration list for PBXProject "LoginGuide" */ = {
			isa = XCConfigurationList;
			buildConfigurations = (
				7EA1D1802139FE640018A567 /* Debug */,
				7EA1D1812139FE640018A567 /* Release */,
			);
			defaultConfigurationIsVisible = 0;
			defaultConfigurationName = Release;
		};
		7EA1D1822139FE640018A567 /* Build configuration list for PBXNativeTarget "LoginGuide" */ = {
			isa = XCConfigurationList;
			buildConfigurations = (
				7EA1D1832139FE640018A567 /* Debug */,
				7EA1D1842139FE640018A567 /* Release */,
			);
			defaultConfigurationIsVisible = 0;
			defaultConfigurationName = Release;
		};
/* End XCConfigurationList section */
	};
	rootObject = 7EA1D1652139FE610018A567 /* Project object */;
}
